// !$*UTF8*$!
{
	archiveVersion = 1;
	classes = {
	};
	objectVersion = 46;
	objects = {

/* Begin PBXBuildFile section */
		18385A945E61FF8110CF5124 /* libPods-PDFReaderUITests.a in Frameworks */ = {isa = PBXBuildFile; fileRef = AD4529C010A620B2649BEC27 /* libPods-PDFReaderUITests.a */; };
		58FC1BDBB79F2BDA63C0A036 /* libPods-PDFReaderTests.a in Frameworks */ = {isa = PBXBuildFile; fileRef = 7B719A63E978F2CD4A856E7E /* libPods-PDFReaderTests.a */; };
		83BC19C526F10859A1B5EC08 /* libPods-PDFReader.a in Frameworks */ = {isa = PBXBuildFile; fileRef = 4FB75C6653F42CDD91DDC0C0 /* libPods-PDFReader.a */; };
		DACB10DC1DA666A6000A3B62 /* iphone-ios7-quick-reference.pdf in Resources */ = {isa = PBXBuildFile; fileRef = DACB10DB1DA666A6000A3B62 /* iphone-ios7-quick-reference.pdf */; };
		DAEEC5451DA658DA00B16833 /* main.m in Sources */ = {isa = PBXBuildFile; fileRef = DAEEC5441DA658DA00B16833 /* main.m */; };
		DAEEC5481DA658DA00B16833 /* AppDelegate.m in Sources */ = {isa = PBXBuildFile; fileRef = DAEEC5471DA658DA00B16833 /* AppDelegate.m */; };
		DAEEC54B1DA658DA00B16833 /* ViewController.m in Sources */ = {isa = PBXBuildFile; fileRef = DAEEC54A1DA658DA00B16833 /* ViewController.m */; };
		DAEEC54E1DA658DA00B16833 /* Main.storyboard in Resources */ = {isa = PBXBuildFile; fileRef = DAEEC54C1DA658DA00B16833 /* Main.storyboard */; };
		DAEEC5501DA658DA00B16833 /* Assets.xcassets in Resources */ = {isa = PBXBuildFile; fileRef = DAEEC54F1DA658DA00B16833 /* Assets.xcassets */; };
		DAEEC5531DA658DA00B16833 /* LaunchScreen.storyboard in Resources */ = {isa = PBXBuildFile; fileRef = DAEEC5511DA658DA00B16833 /* LaunchScreen.storyboard */; };
		DAEEC55E1DA658DA00B16833 /* PDFReaderTests.m in Sources */ = {isa = PBXBuildFile; fileRef = DAEEC55D1DA658DA00B16833 /* PDFReaderTests.m */; };
		DAEEC5691DA658DA00B16833 /* PDFReaderUITests.m in Sources */ = {isa = PBXBuildFile; fileRef = DAEEC5681DA658DA00B16833 /* PDFReaderUITests.m */; };
/* End PBXBuildFile section */

/* Begin PBXContainerItemProxy section */
		DAEEC55A1DA658DA00B16833 /* PBXContainerItemProxy */ = {
			isa = PBXContainerItemProxy;
			containerPortal = DAEEC5381DA658DA00B16833 /* Project object */;
			proxyType = 1;
			remoteGlobalIDString = DAEEC53F1DA658DA00B16833;
			remoteInfo = PDFReader;
		};
		DAEEC5651DA658DA00B16833 /* PBXContainerItemProxy */ = {
			isa = PBXContainerItemProxy;
			containerPortal = DAEEC5381DA658DA00B16833 /* Project object */;
			proxyType = 1;
			remoteGlobalIDString = DAEEC53F1DA658DA00B16833;
			remoteInfo = PDFReader;
		};
/* End PBXContainerItemProxy section */

/* Begin PBXFileReference section */
		0156D2D511C65889404B0C49 /* Pods-PDFReaderTests.debug.xcconfig */ = {isa = PBXFileReference; includeInIndex = 1; lastKnownFileType = text.xcconfig; name = "Pods-PDFReaderTests.debug.xcconfig"; path = "Pods/Target Support Files/Pods-PDFReaderTests/Pods-PDFReaderTests.debug.xcconfig"; sourceTree = "<group>"; };
		12AE9EB144A356A0855B24D0 /* Pods-PDFReaderUITests.debug.xcconfig */ = {isa = PBXFileReference; includeInIndex = 1; lastKnownFileType = text.xcconfig; name = "Pods-PDFReaderUITests.debug.xcconfig"; path = "Pods/Target Support Files/Pods-PDFReaderUITests/Pods-PDFReaderUITests.debug.xcconfig"; sourceTree = "<group>"; };
		165524904605E23A64171817 /* Pods-PDFReader.debug.xcconfig */ = {isa = PBXFileReference; includeInIndex = 1; lastKnownFileType = text.xcconfig; name = "Pods-PDFReader.debug.xcconfig"; path = "Pods/Target Support Files/Pods-PDFReader/Pods-PDFReader.debug.xcconfig"; sourceTree = "<group>"; };
		4253E63E172AE91A24A5B52E /* Pods-PDFReaderUITests.release.xcconfig */ = {isa = PBXFileReference; includeInIndex = 1; lastKnownFileType = text.xcconfig; name = "Pods-PDFReaderUITests.release.xcconfig"; path = "Pods/Target Support Files/Pods-PDFReaderUITests/Pods-PDFReaderUITests.release.xcconfig"; sourceTree = "<group>"; };
		4FB75C6653F42CDD91DDC0C0 /* libPods-PDFReader.a */ = {isa = PBXFileReference; explicitFileType = archive.ar; includeInIndex = 0; path = "libPods-PDFReader.a"; sourceTree = BUILT_PRODUCTS_DIR; };
		7B719A63E978F2CD4A856E7E /* libPods-PDFReaderTests.a */ = {isa = PBXFileReference; explicitFileType = archive.ar; includeInIndex = 0; path = "libPods-PDFReaderTests.a"; sourceTree = BUILT_PRODUCTS_DIR; };
		8E42C4E5A09BDB118F30521A /* Pods-PDFReaderTests.release.xcconfig */ = {isa = PBXFileReference; includeInIndex = 1; lastKnownFileType = text.xcconfig; name = "Pods-PDFReaderTests.release.xcconfig"; path = "Pods/Target Support Files/Pods-PDFReaderTests/Pods-PDFReaderTests.release.xcconfig"; sourceTree = "<group>"; };
		97C75DE1DE3ED905A0CB8929 /* Pods-PDFReader.release.xcconfig */ = {isa = PBXFileReference; includeInIndex = 1; lastKnownFileType = text.xcconfig; name = "Pods-PDFReader.release.xcconfig"; path = "Pods/Target Support Files/Pods-PDFReader/Pods-PDFReader.release.xcconfig"; sourceTree = "<group>"; };
		AD4529C010A620B2649BEC27 /* libPods-PDFReaderUITests.a */ = {isa = PBXFileReference; explicitFileType = archive.ar; includeInIndex = 0; path = "libPods-PDFReaderUITests.a"; sourceTree = BUILT_PRODUCTS_DIR; };
		DACB10DB1DA666A6000A3B62 /* iphone-ios7-quick-reference.pdf */ = {isa = PBXFileReference; lastKnownFileType = image.pdf; path = "iphone-ios7-quick-reference.pdf"; sourceTree = "<group>"; };
		DAEEC5401DA658DA00B16833 /* PDFReader.app */ = {isa = PBXFileReference; explicitFileType = wrapper.application; includeInIndex = 0; path = PDFReader.app; sourceTree = BUILT_PRODUCTS_DIR; };
		DAEEC5441DA658DA00B16833 /* main.m */ = {isa = PBXFileReference; lastKnownFileType = sourcecode.c.objc; path = main.m; sourceTree = "<group>"; };
		DAEEC5461DA658DA00B16833 /* AppDelegate.h */ = {isa = PBXFileReference; lastKnownFileType = sourcecode.c.h; path = AppDelegate.h; sourceTree = "<group>"; };
		DAEEC5471DA658DA00B16833 /* AppDelegate.m */ = {isa = PBXFileReference; lastKnownFileType = sourcecode.c.objc; path = AppDelegate.m; sourceTree = "<group>"; };
		DAEEC5491DA658DA00B16833 /* ViewController.h */ = {isa = PBXFileReference; lastKnownFileType = sourcecode.c.h; path = ViewController.h; sourceTree = "<group>"; };
		DAEEC54A1DA658DA00B16833 /* ViewController.m */ = {isa = PBXFileReference; lastKnownFileType = sourcecode.c.objc; path = ViewController.m; sourceTree = "<group>"; };
		DAEEC54D1DA658DA00B16833 /* Base */ = {isa = PBXFileReference; lastKnownFileType = file.storyboard; name = Base; path = Base.lproj/Main.storyboard; sourceTree = "<group>"; };
		DAEEC54F1DA658DA00B16833 /* Assets.xcassets */ = {isa = PBXFileReference; lastKnownFileType = folder.assetcatalog; path = Assets.xcassets; sourceTree = "<group>"; };
		DAEEC5521DA658DA00B16833 /* Base */ = {isa = PBXFileReference; lastKnownFileType = file.storyboard; name = Base; path = Base.lproj/LaunchScreen.storyboard; sourceTree = "<group>"; };
		DAEEC5541DA658DA00B16833 /* Info.plist */ = {isa = PBXFileReference; lastKnownFileType = text.plist.xml; path = Info.plist; sourceTree = "<group>"; };
		DAEEC5591DA658DA00B16833 /* PDFReaderTests.xctest */ = {isa = PBXFileReference; explicitFileType = wrapper.cfbundle; includeInIndex = 0; path = PDFReaderTests.xctest; sourceTree = BUILT_PRODUCTS_DIR; };
		DAEEC55D1DA658DA00B16833 /* PDFReaderTests.m */ = {isa = PBXFileReference; lastKnownFileType = sourcecode.c.objc; path = PDFReaderTests.m; sourceTree = "<group>"; };
		DAEEC55F1DA658DA00B16833 /* Info.plist */ = {isa = PBXFileReference; lastKnownFileType = text.plist.xml; path = Info.plist; sourceTree = "<group>"; };
		DAEEC5641DA658DA00B16833 /* PDFReaderUITests.xctest */ = {isa = PBXFileReference; explicitFileType = wrapper.cfbundle; includeInIndex = 0; path = PDFReaderUITests.xctest; sourceTree = BUILT_PRODUCTS_DIR; };
		DAEEC5681DA658DA00B16833 /* PDFReaderUITests.m */ = {isa = PBXFileReference; lastKnownFileType = sourcecode.c.objc; path = PDFReaderUITests.m; sourceTree = "<group>"; };
		DAEEC56A1DA658DA00B16833 /* Info.plist */ = {isa = PBXFileReference; lastKnownFileType = text.plist.xml; path = Info.plist; sourceTree = "<group>"; };
/* End PBXFileReference section */

/* Begin PBXFrameworksBuildPhase section */
		DAEEC53D1DA658DA00B16833 /* Frameworks */ = {
			isa = PBXFrameworksBuildPhase;
			buildActionMask = 2147483647;
			files = (
				83BC19C526F10859A1B5EC08 /* libPods-PDFReader.a in Frameworks */,
			);
			runOnlyForDeploymentPostprocessing = 0;
		};
		DAEEC5561DA658DA00B16833 /* Frameworks */ = {
			isa = PBXFrameworksBuildPhase;
			buildActionMask = 2147483647;
			files = (
				58FC1BDBB79F2BDA63C0A036 /* libPods-PDFReaderTests.a in Frameworks */,
			);
			runOnlyForDeploymentPostprocessing = 0;
		};
		DAEEC5611DA658DA00B16833 /* Frameworks */ = {
			isa = PBXFrameworksBuildPhase;
			buildActionMask = 2147483647;
			files = (
				18385A945E61FF8110CF5124 /* libPods-PDFReaderUITests.a in Frameworks */,
			);
			runOnlyForDeploymentPostprocessing = 0;
		};
/* End PBXFrameworksBuildPhase section */

/* Begin PBXGroup section */
		9459C3B473F9BD51A97DDDAC /* Pods */ = {
			isa = PBXGroup;
			children = (
				165524904605E23A64171817 /* Pods-PDFReader.debug.xcconfig */,
				97C75DE1DE3ED905A0CB8929 /* Pods-PDFReader.release.xcconfig */,
				0156D2D511C65889404B0C49 /* Pods-PDFReaderTests.debug.xcconfig */,
				8E42C4E5A09BDB118F30521A /* Pods-PDFReaderTests.release.xcconfig */,
				12AE9EB144A356A0855B24D0 /* Pods-PDFReaderUITests.debug.xcconfig */,
				4253E63E172AE91A24A5B52E /* Pods-PDFReaderUITests.release.xcconfig */,
			);
			name = Pods;
			sourceTree = "<group>";
		};
		A70BAF9E3C407F827233F63A /* Frameworks */ = {
			isa = PBXGroup;
			children = (
				4FB75C6653F42CDD91DDC0C0 /* libPods-PDFReader.a */,
				7B719A63E978F2CD4A856E7E /* libPods-PDFReaderTests.a */,
				AD4529C010A620B2649BEC27 /* libPods-PDFReaderUITests.a */,
			);
			name = Frameworks;
			sourceTree = "<group>";
		};
		DAEEC5371DA658DA00B16833 = {
			isa = PBXGroup;
			children = (
				DAEEC5421DA658DA00B16833 /* PDFReader */,
				DAEEC55C1DA658DA00B16833 /* PDFReaderTests */,
				DAEEC5671DA658DA00B16833 /* PDFReaderUITests */,
				DAEEC5411DA658DA00B16833 /* Products */,
				9459C3B473F9BD51A97DDDAC /* Pods */,
				A70BAF9E3C407F827233F63A /* Frameworks */,
			);
			sourceTree = "<group>";
		};
		DAEEC5411DA658DA00B16833 /* Products */ = {
			isa = PBXGroup;
			children = (
				DAEEC5401DA658DA00B16833 /* PDFReader.app */,
				DAEEC5591DA658DA00B16833 /* PDFReaderTests.xctest */,
				DAEEC5641DA658DA00B16833 /* PDFReaderUITests.xctest */,
			);
			name = Products;
			sourceTree = "<group>";
		};
		DAEEC5421DA658DA00B16833 /* PDFReader */ = {
			isa = PBXGroup;
			children = (
				DAEEC5461DA658DA00B16833 /* AppDelegate.h */,
				DAEEC5471DA658DA00B16833 /* AppDelegate.m */,
				DAEEC5491DA658DA00B16833 /* ViewController.h */,
				DAEEC54A1DA658DA00B16833 /* ViewController.m */,
				DACB10DB1DA666A6000A3B62 /* iphone-ios7-quick-reference.pdf */,
				DAEEC54C1DA658DA00B16833 /* Main.storyboard */,
				DAEEC54F1DA658DA00B16833 /* Assets.xcassets */,
				DAEEC5511DA658DA00B16833 /* LaunchScreen.storyboard */,
				DAEEC5541DA658DA00B16833 /* Info.plist */,
				DAEEC5431DA658DA00B16833 /* Supporting Files */,
			);
			path = PDFReader;
			sourceTree = "<group>";
		};
		DAEEC5431DA658DA00B16833 /* Supporting Files */ = {
			isa = PBXGroup;
			children = (
				DAEEC5441DA658DA00B16833 /* main.m */,
			);
			name = "Supporting Files";
			sourceTree = "<group>";
		};
		DAEEC55C1DA658DA00B16833 /* PDFReaderTests */ = {
			isa = PBXGroup;
			children = (
				DAEEC55D1DA658DA00B16833 /* PDFReaderTests.m */,
				DAEEC55F1DA658DA00B16833 /* Info.plist */,
			);
			path = PDFReaderTests;
			sourceTree = "<group>";
		};
		DAEEC5671DA658DA00B16833 /* PDFReaderUITests */ = {
			isa = PBXGroup;
			children = (
				DAEEC5681DA658DA00B16833 /* PDFReaderUITests.m */,
				DAEEC56A1DA658DA00B16833 /* Info.plist */,
			);
			path = PDFReaderUITests;
			sourceTree = "<group>";
		};
/* End PBXGroup section */

/* Begin PBXNativeTarget section */
		DAEEC53F1DA658DA00B16833 /* PDFReader */ = {
			isa = PBXNativeTarget;
			buildConfigurationList = DAEEC56D1DA658DA00B16833 /* Build configuration list for PBXNativeTarget "PDFReader" */;
			buildPhases = (
				AA244B155D9137B609EA329E /* [CP] Check Pods Manifest.lock */,
				DAEEC53C1DA658DA00B16833 /* Sources */,
				DAEEC53D1DA658DA00B16833 /* Frameworks */,
				DAEEC53E1DA658DA00B16833 /* Resources */,
				9F5D233A933D325DB102C7DB /* [CP] Embed Pods Frameworks */,
				F46AA2C4F362BD965C6F9373 /* [CP] Copy Pods Resources */,
			);
			buildRules = (
			);
			dependencies = (
			);
			name = PDFReader;
			productName = PDFReader;
			productReference = DAEEC5401DA658DA00B16833 /* PDFReader.app */;
			productType = "com.apple.product-type.application";
		};
		DAEEC5581DA658DA00B16833 /* PDFReaderTests */ = {
			isa = PBXNativeTarget;
			buildConfigurationList = DAEEC5701DA658DA00B16833 /* Build configuration list for PBXNativeTarget "PDFReaderTests" */;
			buildPhases = (
				BAA0454C23073C27AF1FB6CD /* [CP] Check Pods Manifest.lock */,
				DAEEC5551DA658DA00B16833 /* Sources */,
				DAEEC5561DA658DA00B16833 /* Frameworks */,
				DAEEC5571DA658DA00B16833 /* Resources */,
				DDE3DB69381855275367E12D /* [CP] Embed Pods Frameworks */,
				16BF030CC9F8D473E4435A68 /* [CP] Copy Pods Resources */,
			);
			buildRules = (
			);
			dependencies = (
				DAEEC55B1DA658DA00B16833 /* PBXTargetDependency */,
			);
			name = PDFReaderTests;
			productName = PDFReaderTests;
			productReference = DAEEC5591DA658DA00B16833 /* PDFReaderTests.xctest */;
			productType = "com.apple.product-type.bundle.unit-test";
		};
		DAEEC5631DA658DA00B16833 /* PDFReaderUITests */ = {
			isa = PBXNativeTarget;
			buildConfigurationList = DAEEC5731DA658DA00B16833 /* Build configuration list for PBXNativeTarget "PDFReaderUITests" */;
			buildPhases = (
				3A302169EBB43A198F2CE95B /* [CP] Check Pods Manifest.lock */,
				DAEEC5601DA658DA00B16833 /* Sources */,
				DAEEC5611DA658DA00B16833 /* Frameworks */,
				DAEEC5621DA658DA00B16833 /* Resources */,
				32B2D2B1734D8E62AC1C206E /* [CP] Embed Pods Frameworks */,
				F6D828CFCF5DA4E6011922FE /* [CP] Copy Pods Resources */,
			);
			buildRules = (
			);
			dependencies = (
				DAEEC5661DA658DA00B16833 /* PBXTargetDependency */,
			);
			name = PDFReaderUITests;
			productName = PDFReaderUITests;
			productReference = DAEEC5641DA658DA00B16833 /* PDFReaderUITests.xctest */;
			productType = "com.apple.product-type.bundle.ui-testing";
		};
/* End PBXNativeTarget section */

/* Begin PBXProject section */
		DAEEC5381DA658DA00B16833 /* Project object */ = {
			isa = PBXProject;
			attributes = {
				LastUpgradeCheck = 0800;
				ORGANIZATIONNAME = "Nagam Pawan";
				TargetAttributes = {
					DAEEC53F1DA658DA00B16833 = {
						CreatedOnToolsVersion = 8.0;
						ProvisioningStyle = Automatic;
					};
					DAEEC5581DA658DA00B16833 = {
						CreatedOnToolsVersion = 8.0;
						ProvisioningStyle = Automatic;
						TestTargetID = DAEEC53F1DA658DA00B16833;
					};
					DAEEC5631DA658DA00B16833 = {
						CreatedOnToolsVersion = 8.0;
						ProvisioningStyle = Automatic;
						TestTargetID = DAEEC53F1DA658DA00B16833;
					};
				};
			};
			buildConfigurationList = DAEEC53B1DA658DA00B16833 /* Build configuration list for PBXProject "PDFReader" */;
			compatibilityVersion = "Xcode 3.2";
			developmentRegion = English;
			hasScannedForEncodings = 0;
			knownRegions = (
				en,
				Base,
			);
			mainGroup = DAEEC5371DA658DA00B16833;
			productRefGroup = DAEEC5411DA658DA00B16833 /* Products */;
			projectDirPath = "";
			projectRoot = "";
			targets = (
				DAEEC53F1DA658DA00B16833 /* PDFReader */,
				DAEEC5581DA658DA00B16833 /* PDFReaderTests */,
				DAEEC5631DA658DA00B16833 /* PDFReaderUITests */,
			);
		};
/* End PBXProject section */

/* Begin PBXResourcesBuildPhase section */
		DAEEC53E1DA658DA00B16833 /* Resources */ = {
			isa = PBXResourcesBuildPhase;
			buildActionMask = 2147483647;
			files = (
				DAEEC5531DA658DA00B16833 /* LaunchScreen.storyboard in Resources */,
				DAEEC5501DA658DA00B16833 /* Assets.xcassets in Resources */,
				DAEEC54E1DA658DA00B16833 /* Main.storyboard in Resources */,
				DACB10DC1DA666A6000A3B62 /* iphone-ios7-quick-reference.pdf in Resources */,
			);
			runOnlyForDeploymentPostprocessing = 0;
		};
		DAEEC5571DA658DA00B16833 /* Resources */ = {
			isa = PBXResourcesBuildPhase;
			buildActionMask = 2147483647;
			files = (
			);
			runOnlyForDeploymentPostprocessing = 0;
		};
		DAEEC5621DA658DA00B16833 /* Resources */ = {
			isa = PBXResourcesBuildPhase;
			buildActionMask = 2147483647;
			files = (
			);
			runOnlyForDeploymentPostprocessing = 0;
		};
/* End PBXResourcesBuildPhase section */

/* Begin PBXShellScriptBuildPhase section */
		16BF030CC9F8D473E4435A68 /* [CP] Copy Pods Resources */ = {
			isa = PBXShellScriptBuildPhase;
			buildActionMask = 2147483647;
			files = (
			);
			inputPaths = (
			);
			name = "[CP] Copy Pods Resources";
			outputPaths = (
			);
			runOnlyForDeploymentPostprocessing = 0;
			shellPath = /bin/sh;
			shellScript = "\"${SRCROOT}/Pods/Target Support Files/Pods-PDFReaderTests/Pods-PDFReaderTests-resources.sh\"\n";
			showEnvVarsInLog = 0;
		};
		32B2D2B1734D8E62AC1C206E /* [CP] Embed Pods Frameworks */ = {
			isa = PBXShellScriptBuildPhase;
			buildActionMask = 2147483647;
			files = (
			);
			inputPaths = (
			);
			name = "[CP] Embed Pods Frameworks";
			outputPaths = (
			);
			runOnlyForDeploymentPostprocessing = 0;
			shellPath = /bin/sh;
			shellScript = "\"${SRCROOT}/Pods/Target Support Files/Pods-PDFReaderUITests/Pods-PDFReaderUITests-frameworks.sh\"\n";
			showEnvVarsInLog = 0;
		};
		3A302169EBB43A198F2CE95B /* [CP] Check Pods Manifest.lock */ = {
			isa = PBXShellScriptBuildPhase;
			buildActionMask = 2147483647;
			files = (
			);
			inputPaths = (
			);
			name = "[CP] Check Pods Manifest.lock";
			outputPaths = (
			);
			runOnlyForDeploymentPostprocessing = 0;
			shellPath = /bin/sh;
			shellScript = "diff \"${PODS_ROOT}/../Podfile.lock\" \"${PODS_ROOT}/Manifest.lock\" > /dev/null\nif [ $? != 0 ] ; then\n    # print error to STDERR\n    echo \"error: The sandbox is not in sync with the Podfile.lock. Run 'pod install' or update your CocoaPods installation.\" >&2\n    exit 1\nfi\n";
			showEnvVarsInLog = 0;
		};
		9F5D233A933D325DB102C7DB /* [CP] Embed Pods Frameworks */ = {
			isa = PBXShellScriptBuildPhase;
			buildActionMask = 2147483647;
			files = (
			);
			inputPaths = (
			);
			name = "[CP] Embed Pods Frameworks";
			outputPaths = (
			);
			runOnlyForDeploymentPostprocessing = 0;
			shellPath = /bin/sh;
			shellScript = "\"${SRCROOT}/Pods/Target Support Files/Pods-PDFReader/Pods-PDFReader-frameworks.sh\"\n";
			showEnvVarsInLog = 0;
		};
		AA244B155D9137B609EA329E /* [CP] Check Pods Manifest.lock */ = {
			isa = PBXShellScriptBuildPhase;
			buildActionMask = 2147483647;
			files = (
			);
			inputPaths = (
			);
			name = "[CP] Check Pods Manifest.lock";
			outputPaths = (
			);
			runOnlyForDeploymentPostprocessing = 0;
			shellPath = /bin/sh;
			shellScript = "diff \"${PODS_ROOT}/../Podfile.lock\" \"${PODS_ROOT}/Manifest.lock\" > /dev/null\nif [ $? != 0 ] ; then\n    # print error to STDERR\n    echo \"error: The sandbox is not in sync with the Podfile.lock. Run 'pod install' or update your CocoaPods installation.\" >&2\n    exit 1\nfi\n";
			showEnvVarsInLog = 0;
		};
		BAA0454C23073C27AF1FB6CD /* [CP] Check Pods Manifest.lock */ = {
			isa = PBXShellScriptBuildPhase;
			buildActionMask = 2147483647;
			files = (
			);
			inputPaths = (
			);
			name = "[CP] Check Pods Manifest.lock";
			outputPaths = (
			);
			runOnlyForDeploymentPostprocessing = 0;
			shellPath = /bin/sh;
			shellScript = "diff \"${PODS_ROOT}/../Podfile.lock\" \"${PODS_ROOT}/Manifest.lock\" > /dev/null\nif [ $? != 0 ] ; then\n    # print error to STDERR\n    echo \"error: The sandbox is not in sync with the Podfile.lock. Run 'pod install' or update your CocoaPods installation.\" >&2\n    exit 1\nfi\n";
			showEnvVarsInLog = 0;
		};
		DDE3DB69381855275367E12D /* [CP] Embed Pods Frameworks */ = {
			isa = PBXShellScriptBuildPhase;
			buildActionMask = 2147483647;
			files = (
			);
			inputPaths = (
			);
			name = "[CP] Embed Pods Frameworks";
			outputPaths = (
			);
			runOnlyForDeploymentPostprocessing = 0;
			shellPath = /bin/sh;
			shellScript = "\"${SRCROOT}/Pods/Target Support Files/Pods-PDFReaderTests/Pods-PDFReaderTests-frameworks.sh\"\n";
			showEnvVarsInLog = 0;
		};
		F46AA2C4F362BD965C6F9373 /* [CP] Copy Pods Resources */ = {
			isa = PBXShellScriptBuildPhase;
			buildActionMask = 2147483647;
			files = (
			);
			inputPaths = (
			);
			name = "[CP] Copy Pods Resources";
			outputPaths = (
			);
			runOnlyForDeploymentPostprocessing = 0;
			shellPath = /bin/sh;
			shellScript = "\"${SRCROOT}/Pods/Target Support Files/Pods-PDFReader/Pods-PDFReader-resources.sh\"\n";
			showEnvVarsInLog = 0;
		};
		F6D828CFCF5DA4E6011922FE /* [CP] Copy Pods Resources */ = {
			isa = PBXShellScriptBuildPhase;
			buildActionMask = 2147483647;
			files = (
			);
			inputPaths = (
			);
			name = "[CP] Copy Pods Resources";
			outputPaths = (
			);
			runOnlyForDeploymentPostprocessing = 0;
			shellPath = /bin/sh;
			shellScript = "\"${SRCROOT}/Pods/Target Support Files/Pods-PDFReaderUITests/Pods-PDFReaderUITests-resources.sh\"\n";
			showEnvVarsInLog = 0;
		};
/* End PBXShellScriptBuildPhase section */

/* Begin PBXSourcesBuildPhase section */
		DAEEC53C1DA658DA00B16833 /* Sources */ = {
			isa = PBXSourcesBuildPhase;
			buildActionMask = 2147483647;
			files = (
				DAEEC54B1DA658DA00B16833 /* ViewController.m in Sources */,
				DAEEC5481DA658DA00B16833 /* AppDelegate.m in Sources */,
				DAEEC5451DA658DA00B16833 /* main.m in Sources */,
			);
			runOnlyForDeploymentPostprocessing = 0;
		};
		DAEEC5551DA658DA00B16833 /* Sources */ = {
			isa = PBXSourcesBuildPhase;
			buildActionMask = 2147483647;
			files = (
				DAEEC55E1DA658DA00B16833 /* PDFReaderTests.m in Sources */,
			);
			runOnlyForDeploymentPostprocessing = 0;
		};
		DAEEC5601DA658DA00B16833 /* Sources */ = {
			isa = PBXSourcesBuildPhase;
			buildActionMask = 2147483647;
			files = (
				DAEEC5691DA658DA00B16833 /* PDFReaderUITests.m in Sources */,
			);
			runOnlyForDeploymentPostprocessing = 0;
		};
/* End PBXSourcesBuildPhase section */

/* Begin PBXTargetDependency section */
		DAEEC55B1DA658DA00B16833 /* PBXTargetDependency */ = {
			isa = PBXTargetDependency;
			target = DAEEC53F1DA658DA00B16833 /* PDFReader */;
			targetProxy = DAEEC55A1DA658DA00B16833 /* PBXContainerItemProxy */;
		};
		DAEEC5661DA658DA00B16833 /* PBXTargetDependency */ = {
			isa = PBXTargetDependency;
			target = DAEEC53F1DA658DA00B16833 /* PDFReader */;
			targetProxy = DAEEC5651DA658DA00B16833 /* PBXContainerItemProxy */;
		};
/* End PBXTargetDependency section */

/* Begin PBXVariantGroup section */
		DAEEC54C1DA658DA00B16833 /* Main.storyboard */ = {
			isa = PBXVariantGroup;
			children = (
				DAEEC54D1DA658DA00B16833 /* Base */,
			);
			name = Main.storyboard;
			sourceTree = "<group>";
		};
		DAEEC5511DA658DA00B16833 /* LaunchScreen.storyboard */ = {
			isa = PBXVariantGroup;
			children = (
				DAEEC5521DA658DA00B16833 /* Base */,
			);
			name = LaunchScreen.storyboard;
			sourceTree = "<group>";
		};
/* End PBXVariantGroup section */

/* Begin XCBuildConfiguration section */
		DAEEC56B1DA658DA00B16833 /* Debug */ = {
			isa = XCBuildConfiguration;
			buildSettings = {
				ALWAYS_SEARCH_USER_PATHS = NO;
				CLANG_ANALYZER_NONNULL = YES;
				CLANG_CXX_LANGUAGE_STANDARD = "gnu++0x";
				CLANG_CXX_LIBRARY = "libc++";
				CLANG_ENABLE_MODULES = YES;
				CLANG_ENABLE_OBJC_ARC = YES;
				CLANG_WARN_BOOL_CONVERSION = YES;
				CLANG_WARN_CONSTANT_CONVERSION = YES;
				CLANG_WARN_DIRECT_OBJC_ISA_USAGE = YES_ERROR;
				CLANG_WARN_DOCUMENTATION_COMMENTS = YES;
				CLANG_WARN_EMPTY_BODY = YES;
				CLANG_WARN_ENUM_CONVERSION = YES;
				CLANG_WARN_INFINITE_RECURSION = YES;
				CLANG_WARN_INT_CONVERSION = YES;
				CLANG_WARN_OBJC_ROOT_CLASS = YES_ERROR;
				CLANG_WARN_SUSPICIOUS_MOVES = YES;
				CLANG_WARN_UNREACHABLE_CODE = YES;
				CLANG_WARN__DUPLICATE_METHOD_MATCH = YES;
				"CODE_SIGN_IDENTITY[sdk=iphoneos*]" = "iPhone Developer";
				COPY_PHASE_STRIP = NO;
				DEBUG_INFORMATION_FORMAT = dwarf;
				ENABLE_STRICT_OBJC_MSGSEND = YES;
				ENABLE_TESTABILITY = YES;
				GCC_C_LANGUAGE_STANDARD = gnu99;
				GCC_DYNAMIC_NO_PIC = NO;
				GCC_NO_COMMON_BLOCKS = YES;
				GCC_OPTIMIZATION_LEVEL = 0;
				GCC_PREPROCESSOR_DEFINITIONS = (
					"DEBUG=1",
					"$(inherited)",
				);
				GCC_WARN_64_TO_32_BIT_CONVERSION = YES;
				GCC_WARN_ABOUT_RETURN_TYPE = YES_ERROR;
				GCC_WARN_UNDECLARED_SELECTOR = YES;
				GCC_WARN_UNINITIALIZED_AUTOS = YES_AGGRESSIVE;
				GCC_WARN_UNUSED_FUNCTION = YES;
				GCC_WARN_UNUSED_VARIABLE = YES;
				IPHONEOS_DEPLOYMENT_TARGET = 10.0;
				MTL_ENABLE_DEBUG_INFO = YES;
				ONLY_ACTIVE_ARCH = YES;
				SDKROOT = iphoneos;
				TARGETED_DEVICE_FAMILY = "1,2";
			};
			name = Debug;
		};
		DAEEC56C1DA658DA00B16833 /* Release */ = {
			isa = XCBuildConfiguration;
			buildSettings = {
				ALWAYS_SEARCH_USER_PATHS = NO;
				CLANG_ANALYZER_NONNULL = YES;
				CLANG_CXX_LANGUAGE_STANDARD = "gnu++0x";
				CLANG_CXX_LIBRARY = "libc++";
				CLANG_ENABLE_MODULES = YES;
				CLANG_ENABLE_OBJC_ARC = YES;
				CLANG_WARN_BOOL_CONVERSION = YES;
				CLANG_WARN_CONSTANT_CONVERSION = YES;
				CLANG_WARN_DIRECT_OBJC_ISA_USAGE = YES_ERROR;
				CLANG_WARN_DOCUMENTATION_COMMENTS = YES;
				CLANG_WARN_EMPTY_BODY = YES;
				CLANG_WARN_ENUM_CONVERSION = YES;
				CLANG_WARN_INFINITE_RECURSION = YES;
				CLANG_WARN_INT_CONVERSION = YES;
				CLANG_WARN_OBJC_ROOT_CLASS = YES_ERROR;
				CLANG_WARN_SUSPICIOUS_MOVES = YES;
				CLANG_WARN_UNREACHABLE_CODE = YES;
				CLANG_WARN__DUPLICATE_METHOD_MATCH = YES;
				"CODE_SIGN_IDENTITY[sdk=iphoneos*]" = "iPhone Developer";
				COPY_PHASE_STRIP = NO;
				DEBUG_INFORMATION_FORMAT = "dwarf-with-dsym";
				ENABLE_NS_ASSERTIONS = NO;
				ENABLE_STRICT_OBJC_MSGSEND = YES;
				GCC_C_LANGUAGE_STANDARD = gnu99;
				GCC_NO_COMMON_BLOCKS = YES;
				GCC_WARN_64_TO_32_BIT_CONVERSION = YES;
				GCC_WARN_ABOUT_RETURN_TYPE = YES_ERROR;
				GCC_WARN_UNDECLARED_SELECTOR = YES;
				GCC_WARN_UNINITIALIZED_AUTOS = YES_AGGRESSIVE;
				GCC_WARN_UNUSED_FUNCTION = YES;
				GCC_WARN_UNUSED_VARIABLE = YES;
				IPHONEOS_DEPLOYMENT_TARGET = 10.0;
				MTL_ENABLE_DEBUG_INFO = NO;
				SDKROOT = iphoneos;
				TARGETED_DEVICE_FAMILY = "1,2";
				VALIDATE_PRODUCT = YES;
			};
			name = Release;
		};
		DAEEC56E1DA658DA00B16833 /* Debug */ = {
			isa = XCBuildConfiguration;
			baseConfigurationReference = 165524904605E23A64171817 /* Pods-PDFReader.debug.xcconfig */;
			buildSettings = {
				ASSETCATALOG_COMPILER_APPICON_NAME = AppIcon;
				INFOPLIST_FILE = PDFReader/Info.plist;
				LD_RUNPATH_SEARCH_PATHS = "$(inherited) @executable_path/Frameworks";
				PRODUCT_BUNDLE_IDENTIFIER = Neorays.PDFReader;
				PRODUCT_NAME = "$(TARGET_NAME)";
			};
			name = Debug;
		};
		DAEEC56F1DA658DA00B16833 /* Release */ = {
			isa = XCBuildConfiguration;
			baseConfigurationReference = 97C75DE1DE3ED905A0CB8929 /* Pods-PDFReader.release.xcconfig */;
			buildSettings = {
				ASSETCATALOG_COMPILER_APPICON_NAME = AppIcon;
				INFOPLIST_FILE = PDFReader/Info.plist;
				LD_RUNPATH_SEARCH_PATHS = "$(inherited) @executable_path/Frameworks";
				PRODUCT_BUNDLE_IDENTIFIER = Neorays.PDFReader;
				PRODUCT_NAME = "$(TARGET_NAME)";
			};
			name = Release;
		};
		DAEEC5711DA658DA00B16833 /* Debug */ = {
			isa = XCBuildConfiguration;
			baseConfigurationReference = 0156D2D511C65889404B0C49 /* Pods-PDFReaderTests.debug.xcconfig */;
			buildSettings = {
				BUNDLE_LOADER = "$(TEST_HOST)";
				INFOPLIST_FILE = PDFReaderTests/Info.plist;
				LD_RUNPATH_SEARCH_PATHS = "$(inherited) @executable_path/Frameworks @loader_path/Frameworks";
				PRODUCT_BUNDLE_IDENTIFIER = Neorays.PDFReaderTests;
				PRODUCT_NAME = "$(TARGET_NAME)";
				TEST_HOST = "$(BUILT_PRODUCTS_DIR)/PDFReader.app/PDFReader";
			};
			name = Debug;
		};
		DAEEC5721DA658DA00B16833 /* Release */ = {
			isa = XCBuildConfiguration;
			baseConfigurationReference = 8E42C4E5A09BDB118F30521A /* Pods-PDFReaderTests.release.xcconfig */;
			buildSettings = {
				BUNDLE_LOADER = "$(TEST_HOST)";
				INFOPLIST_FILE = PDFReaderTests/Info.plist;
				LD_RUNPATH_SEARCH_PATHS = "$(inherited) @executable_path/Frameworks @loader_path/Frameworks";
				PRODUCT_BUNDLE_IDENTIFIER = Neorays.PDFReaderTests;
				PRODUCT_NAME = "$(TARGET_NAME)";
				TEST_HOST = "$(BUILT_PRODUCTS_DIR)/PDFReader.app/PDFReader";
			};
			name = Release;
		};
		DAEEC5741DA658DA00B16833 /* Debug */ = {
			isa = XCBuildConfiguration;
			baseConfigurationReference = 12AE9EB144A356A0855B24D0 /* Pods-PDFReaderUITests.debug.xcconfig */;
			buildSettings = {
				INFOPLIST_FILE = PDFReaderUITests/Info.plist;
				LD_RUNPATH_SEARCH_PATHS = "$(inherited) @executable_path/Frameworks @loader_path/Frameworks";
				PRODUCT_BUNDLE_IDENTIFIER = Neorays.PDFReaderUITests;
				PRODUCT_NAME = "$(TARGET_NAME)";
				TEST_TARGET_NAME = PDFReader;
			};
			name = Debug;
		};
		DAEEC5751DA658DA00B16833 /* Release */ = {
			isa = XCBuildConfiguration;
			baseConfigurationReference = 4253E63E172AE91A24A5B52E /* Pods-PDFReaderUITests.release.xcconfig */;
			buildSettings = {
				INFOPLIST_FILE = PDFReaderUITests/Info.plist;
				LD_RUNPATH_SEARCH_PATHS = "$(inherited) @executable_path/Frameworks @loader_path/Frameworks";
				PRODUCT_BUNDLE_IDENTIFIER = Neorays.PDFReaderUITests;
				PRODUCT_NAME = "$(TARGET_NAME)";
				TEST_TARGET_NAME = PDFReader;
			};
			name = Release;
		};
/* End XCBuildConfiguration section */

/* Begin XCConfigurationList section */
		DAEEC53B1DA658DA00B16833 /* Build configuration list for PBXProject "PDFReader" */ = {
			isa = XCConfigurationList;
			buildConfigurations = (
				DAEEC56B1DA658DA00B16833 /* Debug */,
				DAEEC56C1DA658DA00B16833 /* Release */,
			);
			defaultConfigurationIsVisible = 0;
			defaultConfigurationName = Release;
		};
		DAEEC56D1DA658DA00B16833 /* Build configuration list for PBXNativeTarget "PDFReader" */ = {
			isa = XCConfigurationList;
			buildConfigurations = (
				DAEEC56E1DA658DA00B16833 /* Debug */,
				DAEEC56F1DA658DA00B16833 /* Release */,
			);
			defaultConfigurationIsVisible = 0;
			defaultConfigurationName = Release;
		};
		DAEEC5701DA658DA00B16833 /* Build configuration list for PBXNativeTarget "PDFReaderTests" */ = {
			isa = XCConfigurationList;
			buildConfigurations = (
				DAEEC5711DA658DA00B16833 /* Debug */,
				DAEEC5721DA658DA00B16833 /* Release */,
			);
			defaultConfigurationIsVisible = 0;
			defaultConfigurationName = Release;
		};
		DAEEC5731DA658DA00B16833 /* Build configuration list for PBXNativeTarget "PDFReaderUITests" */ = {
			isa = XCConfigurationList;
			buildConfigurations = (
				DAEEC5741DA658DA00B16833 /* Debug */,
				DAEEC5751DA658DA00B16833 /* Release */,
			);
			defaultConfigurationIsVisible = 0;
			defaultConfigurationName = Release;
		};
/* End XCConfigurationList section */
	};
	rootObject = DAEEC5381DA658DA00B16833 /* Project object */;
}
